{
  "nodes": {
    "kairos-iso": {
      "flake": false,
      "locked": {
        "narHash": "sha256-3Lw236yc6j8tSsOiOuOH6alN8ZEygUlwS+dBWPEINQ4=",
        "type": "file",
        "url": "https://github.com/kairos-io/kairos/releases/download/v4.2.0/kairos-hadron-v0.5.1-standard-amd64-generic-v4.2.0-k3sv1.36.3%2Bk3s1.iso"
      },
      "original": {
        "type": "file",
        "url": "https://github.com/kairos-io/kairos/releases/download/v4.2.0/kairos-hadron-v0.5.1-standard-amd64-generic-v4.2.0-k3sv1.36.3%2Bk3s1.iso"
      }
    },
    "nixpkgs": {
      "locked": {
        "lastModified": 1787736819,
        "narHash": "sha256-cV5xEJJK3BvhU8rEd4mC9UsmDi5qscv/kzGPhBRC5WA=",
        "owner": "NixOS",
        "repo": "nixpkgs",
        "rev": "9fbb54b33e91ee4ca368e35a78e0613c720600b3",
        "type": "github"
      },
      "original": {
        "owner": "NixOS",
        "ref": "nixos-unstable",
        "repo": "nixpkgs",
        "type": "github"
      }
    },
    "root": {
      "inputs": {
        "kairos-iso": "kairos-iso",
        "nixpkgs": "nixpkgs"
      }
    }
  },
  "root": "root",
  "version": 7
}
